<?xml version="1.0" encoding="utf-8"?>
<Project ToolsVersion="4.0" xmlns="http://schemas.microsoft.com/developer/msbuild/2003">
  <ItemGroup>
    <Filter Include="Source Files">
      <UniqueIdentifier>{4FC737F1-C7A5-4376-A066-2A32D752A2FF}</UniqueIdentifier>
      <Extensions>cpp;c;cc;cxx;c++;cppm;ixx;def;odl;idl;hpj;bat;asm;asmx</Extensions>
    </Filter>
    <Filter Include="Header Files">
      <UniqueIdentifier>{93995380-89BD-4b04-88EB-625FBE52EBFB}</UniqueIdentifier>
      <Extensions>h;hh;hpp;hxx;h++;hm;inl;inc;ipp;xsd</Extensions>
    </Filter>
    <Filter Include="Resource Files">
      <UniqueIdentifier>{67DA6AB6-F800-4c08-8B7A-83BB121AAD01}</UniqueIdentifier>
      <Extensions>rc;ico;cur;bmp;dlg;rc2;rct;bin;rgs;gif;jpg;jpeg;jpe;resx;tiff;tif;png;wav;mfcribbon-ms</Extensions>
    </Filter>
  </ItemGroup>
  <ItemGroup>
    <ClInclude Include="framework.h">
      <Filter>Header Files</Filter>
    </ClInclude>
    <ClInclude Include="pch.h">
      <Filter>Header Files</Filter>
    </ClInclude>
    <ClInclude Include="util\memoryutils.h">
      <Filter>Header Files</Filter>
    </ClInclude>
    <ClInclude Include="Frostbite\Extension\Cinebot\CinebotCamera.h">
      <Filter>Header Files</Filter>
    </ClInclude>
    <ClInclude Include="Frostbite\Engine\Game\Common\Gameplay\Camera\Camera.h">
      <Filter>Header Files</Filter>
    </ClInclude>
    <ClInclude Include="Frostbite\Engine\Core\Math\LinearTransform.h">
      <Filter>Header Files</Filter>
    </ClInclude>
    <ClInclude Include="Frostbite\Engine\Core\Math\Vec3.h">
      <Filter>Header Files</Filter>
    </ClInclude>
    <ClInclude Include="Frostbite\Engine\Core\Math\Quat.h">
      <Filter>Header Files</Filter>
    </ClInclude>
    <ClInclude Include="Frostbite\Engine\Core\Math\Vec4.h">
      <Filter>Header Files</Filter>
    </ClInclude>
    <ClInclude Include="Frostbite\Engine\Core\Math\Vec.h">
      <Filter>Header Files</Filter>
    </ClInclude>
    <ClInclude Include="Frostbite\Engine\Game\Shared\WeaponDataDefs.h">
      <Filter>Header Files</Filter>
    </ClInclude>
    <ClInclude Include="Frostbite\Engine\Core\Math\Vec2.h">
      <Filter>Header Files</Filter>
    </ClInclude>
    <ClInclude Include="Frostbite\Engine\Core\Resource\BaseTypesDefs.h">
      <Filter>Header Files</Filter>
    </ClInclude>
    <ClInclude Include="Frostbite\Engine\Game\Common\Gameplay\Camera\TargetCamera.h">
      <Filter>Header Files</Filter>
    </ClInclude>
    <ClInclude Include="Frostbite\Extension\Cinebot\ICinebotDirector.h">
      <Filter>Header Files</Filter>
    </ClInclude>
    <ClInclude Include="Frostbite\Extension\Cinebot\CinebotCameraShot.h">
      <Filter>Header Files</Filter>
    </ClInclude>
    <ClInclude Include="Frostbite\Race\Client\Vehicle\Components\ClientAnimatedDriverComponent.h">
      <Filter>Header Files</Filter>
    </ClInclude>
    <ClInclude Include="Frostbite\Engine\Game\Client\Gameplay\Character\Components\ClientAntAnimatableComponent.h">
      <Filter>Header Files</Filter>
    </ClInclude>
    <ClInclude Include="Frostbite\Race\Client\Vehicle\Components\ClientRaceLightComponent.h">
      <Filter>Header Files</Filter>
    </ClInclude>
    <ClInclude Include="Frostbite\Race\Common\Core\Proxy\ProxyPropertyWriter.h">
      <Filter>Header Files</Filter>
    </ClInclude>
    <ClInclude Include="Frostbite\Engine\Core\Types.h">
      <Filter>Header Files</Filter>
    </ClInclude>
    <ClInclude Include="Frostbite\Engine\Core\Reflection\PropertyWriter.h">
      <Filter>Header Files</Filter>
    </ClInclude>
    <ClInclude Include="Frostbite\Race\Client\Vehicle\Components\ClientRaceVehicleComponent.h">
      <Filter>Header Files</Filter>
    </ClInclude>
    <ClInclude Include="Frostbite\Race\Client\Vehicle\Components\ClientRaceVehicleComponentSimulation.h">
      <Filter>Header Files</Filter>
    </ClInclude>
    <ClInclude Include="Frostbite\Engine\Game\Common\Gameplay\Camera\CameraEffects\FovEffect.h">
      <Filter>Header Files</Filter>
    </ClInclude>
    <ClInclude Include="Frostbite\Engine\Entity\UpdateInfo.h">
      <Filter>Header Files</Filter>
    </ClInclude>
    <ClInclude Include="Frostbite\Engine\Entity\EntityDataDefs.h">
      <Filter>Header Files</Filter>
    </ClInclude>
    <ClInclude Include="Frostbite\Engine\Physics\Vehicle\EAGR\IRaceVehicle.h">
      <Filter>Header Files</Filter>
    </ClInclude>
    <ClInclude Include="Frostbite\Engine\Entity\Component.h">
      <Filter>Header Files</Filter>
    </ClInclude>
    <ClInclude Include="Frostbite\Engine\Entity\UpdateManager.h">
      <Filter>Header Files</Filter>
    </ClInclude>
    <ClInclude Include="Frostbite\Engine\Entity\Updater.h">
      <Filter>Header Files</Filter>
    </ClInclude>
    <ClInclude Include="Frostbite\Engine\Entity\SimpleUpdaterBase.h">
      <Filter>Header Files</Filter>
    </ClInclude>
    <ClInclude Include="Frostbite\Engine\Entity\SimpleUpdater.h">
      <Filter>Header Files</Filter>
    </ClInclude>
    <ClInclude Include="Frostbite\Engine\Core\Memory\MemoryArena.h">
      <Filter>Header Files</Filter>
    </ClInclude>
    <ClInclude Include="Frostbite\Engine\Core\Math\Math.h">
      <Filter>Header Files</Filter>
    </ClInclude>
    <ClInclude Include="Frostbite\Engine\Core\Reflection\PropertyReader.h">
      <Filter>Header Files</Filter>
    </ClInclude>
    <ClInclude Include="Frostbite\Engine\Core\Reflection\Reflection.h">
      <Filter>Header Files</Filter>
    </ClInclude>
    <ClInclude Include="Frostbite\Race\Client\UI\Entities\Screen\ClientUIScreenEffectEntity.h">
      <Filter>Header Files</Filter>
    </ClInclude>
    <ClInclude Include="Frostbite\Race\Client\Vehicle\ClientRaceVehicleEntity.h">
      <Filter>Header Files</Filter>
    </ClInclude>
    <ClInclude Include="Frostbite\Engine\Game\Common\Gameplay\Camera\CameraManager.h">
      <Filter>Header Files</Filter>
    </ClInclude>
    <ClInclude Include="Frostbite\Engine\Entity\MiscEntities.h">
      <Filter>Header Files</Filter>
    </ClInclude>
    <ClInclude Include="Frostbite\Engine\Entity\MiscEntityData.h">
      <Filter>Header Files</Filter>
    </ClInclude>
    <ClInclude Include="Frostbite\Engine\Entity\EntityData.h">
      <Filter>Header Files</Filter>
    </ClInclude>
    <ClInclude Include="Frostbite\Engine\Core\Resource\BaseTypes.h">
      <Filter>Header Files</Filter>
    </ClInclude>
    <ClInclude Include="Frostbite\Engine\Core\Reflection\DataContainer.h">
      <Filter>Header Files</Filter>
    </ClInclude>
    <ClInclude Include="Frostbite\Engine\Entity\EntityBus\EntityBusPeer.h">
      <Filter>Header Files</Filter>
    </ClInclude>
    <ClInclude Include="Frostbite\Engine\Entity\EntityFactory.h">
      <Filter>Header Files</Filter>
    </ClInclude>
    <ClInclude Include="Frostbite\Engine\Entity\EntityBusDataDefs.h">
      <Filter>Header Files</Filter>
    </ClInclude>
    <ClInclude Include="Frostbite\Race\Common\Weapon\VehicleWeaponTypeAsset.h">
      <Filter>Header Files</Filter>
    </ClInclude>
    <ClInclude Include="Frostbite\Engine\Core\Reflection\String.h">
      <Filter>Header Files</Filter>
    </ClInclude>
    <ClInclude Include="Frostbite\Engine\Entity\Material\MaterialGridData.h">
      <Filter>Header Files</Filter>
    </ClInclude>
    <ClInclude Include="Frostbite\Race\Common\Weapon\VehicleWeaponEntityData.h">
      <Filter>Header Files</Filter>
    </ClInclude>
    <ClInclude Include="Frostbite\Race\Common\Weapon\VehicleWeaponEntityDataDefs.h">
      <Filter>Header Files</Filter>
    </ClInclude>
    <ClInclude Include="Frostbite\Engine\Core\Pattern\WeakPtr.h">
      <Filter>Header Files</Filter>
    </ClInclude>
    <ClInclude Include="safetyhook\safetyhook.hpp">
      <Filter>Header Files</Filter>
    </ClInclude>
    <ClInclude Include="safetyhook\Zydis.h">
      <Filter>Header Files</Filter>
    </ClInclude>
    <ClInclude Include="Frostbite\External\EA\EAAudioCore\include\EAAudioCore\plugins\GinsuPlayer.h">
      <Filter>Header Files</Filter>
    </ClInclude>
    <ClInclude Include="Frostbite\External\EA\EAAudioCore\include\EAAudioCore\base.h">
      <Filter>Header Files</Filter>
    </ClInclude>
    <ClInclude Include="Frostbite\Race\Client\Weapon\ClientVehicleWeaponEntity.h">
      <Filter>Header Files</Filter>
    </ClInclude>
    <ClInclude Include="Frostbite\Race\Common\Weapon\VehicleWeaponUpgradable.h">
      <Filter>Header Files</Filter>
    </ClInclude>
    <ClInclude Include="Frostbite\Race\Common\Weapon\VehicleWeaponType.h">
      <Filter>Header Files</Filter>
    </ClInclude>
    <ClInclude Include="Frostbite\Extension\Rpc\RpcTypeTraits.h">
      <Filter>Header Files</Filter>
    </ClInclude>
    <ClInclude Include="Frostbite\Extension\Rpc\RpcDeclaration.h">
      <Filter>Header Files</Filter>
    </ClInclude>
    <ClInclude Include="Frostbite\Engine\Game\Common\Core\Entity\GameComponentEntity.h">
      <Filter>Header Files</Filter>
    </ClInclude>
    <ClInclude Include="Frostbite\Engine\Game\Client\Core\Entity\ClientGameComponentEntity.h">
      <Filter>Header Files</Filter>
    </ClInclude>
    <ClInclude Include="Frostbite\Engine\Entity\Entity.h">
      <Filter>Header Files</Filter>
    </ClInclude>
    <ClInclude Include="Frostbite\Race\Client\Vehicle\Components\ClientRaceWheelComponentSimulation.h">
      <Filter>Header Files</Filter>
    </ClInclude>
    <ClInclude Include="Frostbite\Engine\Physics\Vehicle\EAGR\WheelNFS.h">
      <Filter>Header Files</Filter>
    </ClInclude>
    <ClInclude Include="Frostbite\Engine\Physics\Vehicle\Common\IWheel.h">
      <Filter>Header Files</Filter>
    </ClInclude>
    <ClInclude Include="Frostbite\Engine\Physics\Vehicle\EAGR\IRaceWheel.h">
      <Filter>Header Files</Filter>
    </ClInclude>
    <ClInclude Include="Frostbite\Race\Client\Vehicle\Components\ClientFxComponent.h">
      <Filter>Header Files</Filter>
    </ClInclude>
  </ItemGroup>
  <ItemGroup>
    <ClCompile Include="dllmain.cpp">
      <Filter>Source Files</Filter>
    </ClCompile>
    <ClCompile Include="pch.cpp">
      <Filter>Source Files</Filter>
    </ClCompile>
    <ClCompile Include="util\memoryutils.cpp">
      <Filter>Source Files</Filter>
    </ClCompile>
    <ClCompile Include="Frostbite\Engine\Core\Math\LinearTransform.cpp">
      <Filter>Source Files</Filter>
    </ClCompile>
    <ClCompile Include="Frostbite\Engine\Core\Math\Vec3.cpp">
      <Filter>Source Files</Filter>
    </ClCompile>
    <ClCompile Include="Frostbite\Engine\Core\Math\Vec.cpp">
      <Filter>Source Files</Filter>
    </ClCompile>
    <ClCompile Include="Frostbite\Extension\Cinebot\CinebotCamera.cpp">
      <Filter>Source Files</Filter>
    </ClCompile>
    <ClCompile Include="Frostbite\Race\Client\Vehicle\Components\ClientAnimatedDriverComponent.cpp">
      <Filter>Source Files</Filter>
    </ClCompile>
    <ClCompile Include="Frostbite\Race\Client\Vehicle\Components\ClientRaceLightComponent.cpp">
      <Filter>Source Files</Filter>
    </ClCompile>
    <ClCompile Include="Frostbite\Race\Client\Vehicle\Components\ClientRaceVehicleComponent.cpp">
      <Filter>Source Files</Filter>
    </ClCompile>
    <ClCompile Include="Frostbite\Engine\Entity\UpdateManager.cpp">
      <Filter>Source Files</Filter>
    </ClCompile>
    <ClCompile Include="Frostbite\Engine\Core\Memory\MemoryArena.cpp">
      <Filter>Source Files</Filter>
    </ClCompile>
    <ClCompile Include="Frostbite\Race\Client\UI\Entities\Screen\ClientUIScreenEffectEntity.cpp">
      <Filter>Source Files</Filter>
    </ClCompile>
    <ClCompile Include="Frostbite\Engine\Game\Common\Gameplay\Camera\CameraManager.cpp">
      <Filter>Source Files</Filter>
    </ClCompile>
    <ClCompile Include="Frostbite\Engine\Entity\MiscEntities.cpp">
      <Filter>Source Files</Filter>
    </ClCompile>
    <ClCompile Include="safetyhook\safetyhook.cpp">
      <Filter>Source Files</Filter>
    </ClCompile>
    <ClCompile Include="safetyhook\Zydis.c">
      <Filter>Source Files</Filter>
    </ClCompile>
    <ClCompile Include="Frostbite\External\EA\EAAudioCore\source\plugins\GinsuPlayer.cpp">
      <Filter>Source Files</Filter>
    </ClCompile>
    <ClCompile Include="Frostbite\Race\Client\Weapon\ClientVehicleWeaponEntity.cpp">
      <Filter>Source Files</Filter>
    </ClCompile>
    <ClCompile Include="Frostbite\Race\Common\Core\Proxy\ProxyPropertyWriter.cpp">
      <Filter>Source Files</Filter>
    </ClCompile>
    <ClCompile Include="Frostbite\Engine\Physics\Vehicle\EAGR\WheelNFS.cpp">
      <Filter>Source Files</Filter>
    </ClCompile>
    <ClCompile Include="Frostbite\Race\Client\Vehicle\Components\ClientFxComponent.cpp">
      <Filter>Source Files</Filter>
    </ClCompile>
  </ItemGroup>
  <ItemGroup>
    <None Include="Frostbite\Engine\Core\Math\SSE\LinearTransform_SSE.inl">
      <Filter>Header Files</Filter>
    </None>
    <None Include="Frostbite\Engine\Core\Math\SSE\Vec3_SSE.inl">
      <Filter>Header Files</Filter>
    </None>
    <None Include="Frostbite\Engine\Core\Math\SSE\Vec_SSE.inl">
      <Filter>Header Files</Filter>
    </None>
    <None Include="Frostbite\Engine\Core\Math\SSE\Quat_SSE.inl">
      <Filter>Header Files</Filter>
    </None>
  </ItemGroup>
  <ItemGroup>
    <MASM Include="asm\MiscPatches.asm">
      <Filter>Source Files</Filter>
    </MASM>
  </ItemGroup>
</Project>